
Microsoft Visual Studio Solution File, Format Version 12.00
# Visual Studio Version 16
VisualStudioVersion = 16.0.33130.400
MinimumVisualStudioVersion = 10.0.40219.1
Project("{9A19103F-16F7-4668-BE54-9A1E7A4F7556}") = "Tracking_Task", "Tracking_Task\Tracking_Task.csproj", "{FA25B364-6BC8-4C48-9675-45F887AE987F}"
EndProject
Global
	GlobalSection(SolutionConfigurationPlatforms) = preSolution
		Debug|Any CPU = Debug|Any CPU
		Release|Any CPU = Release|Any CPU
	EndGlobalSection
	GlobalSection(ProjectConfigurationPlatforms) = postSolution
		{FA25B364-6BC8-4C48-9675-45F887AE987F}.Debug|Any CPU.ActiveCfg = Debug|Any CPU
		{FA25B364-6BC8-4C48-9675-45F887AE987F}.Debug|Any CPU.Build.0 = Debug|Any CPU
		{FA25B364-6BC8-4C48-9675-45F887AE987F}.Release|Any CPU.ActiveCfg = Release|Any CPU
		{FA25B364-6BC8-4C48-9675-45F887AE987F}.Release|Any CPU.Build.0 = Release|Any CPU
	EndGlobalSection
	GlobalSection(SolutionProperties) = preSolution
		HideSolutionNode = FALSE
	EndGlobalSection
	GlobalSection(ExtensibilityGlobals) = postSolution
		SolutionGuid = {16BAD7F4-371A-49E0-BAB3-6CA5473519F9}
	EndGlobalSection
EndGlobal
